// !$*UTF8*$!
{
	archiveVersion = 1;
	classes = {
	};
	objectVersion = 55;
	objects = {

/* Begin PBXBuildFile section */
		580E862227A11F9000DB3A1D /* Extension.swift in Sources */ = {isa = PBXBuildFile; fileRef = 580E862127A11F9000DB3A1D /* Extension.swift */; };
		580E862627A11FDF00DB3A1D /* logo@3x.png in Resources */ = {isa = PBXBuildFile; fileRef = 580E862427A11FDF00DB3A1D /* logo@3x.png */; };
		580E862D27A11FE800DB3A1D /* Roboto-Light.ttf in Resources */ = {isa = PBXBuildFile; fileRef = 580E862827A11FE700DB3A1D /* Roboto-Light.ttf */; };
		580E862E27A11FE800DB3A1D /* Roboto-Regular.ttf in Resources */ = {isa = PBXBuildFile; fileRef = 580E862927A11FE800DB3A1D /* Roboto-Regular.ttf */; };
		580E862F27A11FE800DB3A1D /* Main.storyboard in Resources */ = {isa = PBXBuildFile; fileRef = 580E862A27A11FE800DB3A1D /* Main.storyboard */; };
		580E863027A11FE800DB3A1D /* Roboto-Bold.ttf in Resources */ = {isa = PBXBuildFile; fileRef = 580E862C27A11FE800DB3A1D /* Roboto-Bold.ttf */; };
		580E863327A121CD00DB3A1D /* x@3x.png in Resources */ = {isa = PBXBuildFile; fileRef = 580E863127A121CC00DB3A1D /* x@3x.png */; };
		580E863427A121CD00DB3A1D /* Logos@3x.png in Resources */ = {isa = PBXBuildFile; fileRef = 580E863227A121CC00DB3A1D /* Logos@3x.png */; };
		580E86C227A2BD0500DB3A1D /* Validator.swift in Sources */ = {isa = PBXBuildFile; fileRef = 580E86C127A2BD0400DB3A1D /* Validator.swift */; };
		581B2C6327A3F2650069409E /* secondVC.swift in Sources */ = {isa = PBXBuildFile; fileRef = 581B2C6227A3F2650069409E /* secondVC.swift */; };
		583271D027B681CF0070BB09 /* Constant.swift in Sources */ = {isa = PBXBuildFile; fileRef = 583271CC27B681CF0070BB09 /* Constant.swift */; };
		583271D127B681CF0070BB09 /* WebRequest.swift in Sources */ = {isa = PBXBuildFile; fileRef = 583271CD27B681CF0070BB09 /* WebRequest.swift */; };
		583271D227B681CF0070BB09 /* ModalData.swift in Sources */ = {isa = PBXBuildFile; fileRef = 583271CE27B681CF0070BB09 /* ModalData.swift */; };
		583271D327B681CF0070BB09 /* API.swift in Sources */ = {isa = PBXBuildFile; fileRef = 583271CF27B681CF0070BB09 /* API.swift */; };
		5892B8D72771EAC900E03B9F /* W3DartFramework.docc in Sources */ = {isa = PBXBuildFile; fileRef = 5892B8D62771EAC900E03B9F /* W3DartFramework.docc */; };
		5892B8D82771EAC900E03B9F /* W3DartFramework.h in Headers */ = {isa = PBXBuildFile; fileRef = 5892B8D52771EAC900E03B9F /* W3DartFramework.h */; settings = {ATTRIBUTES = (Public, ); }; };
		5892B8DF2772F28C00E03B9F /* W3DartVC.swift in Sources */ = {isa = PBXBuildFile; fileRef = 5892B8DE2772F28C00E03B9F /* W3DartVC.swift */; };
		58A6A77727A2CC7800D51C51 /* AppDelegate.swift in Sources */ = {isa = PBXBuildFile; fileRef = 58A6A77627A2CC7800D51C51 /* AppDelegate.swift */; };
		58A6A77B27A2CC7800D51C51 /* ViewController.swift in Sources */ = {isa = PBXBuildFile; fileRef = 58A6A77A27A2CC7800D51C51 /* ViewController.swift */; };
		58A6A77E27A2CC7800D51C51 /* Main.storyboard in Resources */ = {isa = PBXBuildFile; fileRef = 58A6A77C27A2CC7800D51C51 /* Main.storyboard */; };
		58A6A78027A2CC7D00D51C51 /* Assets.xcassets in Resources */ = {isa = PBXBuildFile; fileRef = 58A6A77F27A2CC7D00D51C51 /* Assets.xcassets */; };
		58A6A78327A2CC7D00D51C51 /* LaunchScreen.storyboard in Resources */ = {isa = PBXBuildFile; fileRef = 58A6A78127A2CC7D00D51C51 /* LaunchScreen.storyboard */; };
		58A6A78927A2CD0C00D51C51 /* W3DartFramework.framework in Frameworks */ = {isa = PBXBuildFile; fileRef = 5892B8D22771EAC900E03B9F /* W3DartFramework.framework */; platformFilter = ios; };
		58A6A78A27A2CD0C00D51C51 /* W3DartFramework.framework in Embed Frameworks */ = {isa = PBXBuildFile; fileRef = 5892B8D22771EAC900E03B9F /* W3DartFramework.framework */; settings = {ATTRIBUTES = (CodeSignOnCopy, RemoveHeadersOnCopy, ); }; };
		58A6A78F27A3AE5300D51C51 /* BubbleControl.swift in Sources */ = {isa = PBXBuildFile; fileRef = 58A6A78E27A3AE5300D51C51 /* BubbleControl.swift */; };
		5FE5630298A8B2DD20000D2B /* Pods_W3DartDemo.framework in Frameworks */ = {isa = PBXBuildFile; fileRef = 8698A797F831607A180E7DCA /* Pods_W3DartDemo.framework */; };
		708D9B455E7BA8A3F267E9A7 /* Pods_W3DartFramework.framework in Frameworks */ = {isa = PBXBuildFile; fileRef = 741F0ADAD4F62F2827F0BE5E /* Pods_W3DartFramework.framework */; };
/* End PBXBuildFile section */

/* Begin PBXContainerItemProxy section */
		58A6A78B27A2CD0C00D51C51 /* PBXContainerItemProxy */ = {
			isa = PBXContainerItemProxy;
			containerPortal = 5892B8C92771EAC900E03B9F /* Project object */;
			proxyType = 1;
			remoteGlobalIDString = 5892B8D12771EAC900E03B9F;
			remoteInfo = W3DartFramework;
		};
/* End PBXContainerItemProxy section */

/* Begin PBXCopyFilesBuildPhase section */
		58A6A78D27A2CD0C00D51C51 /* Embed Frameworks */ = {
			isa = PBXCopyFilesBuildPhase;
			buildActionMask = 2147483647;
			dstPath = "";
			dstSubfolderSpec = 10;
			files = (
				58A6A78A27A2CD0C00D51C51 /* W3DartFramework.framework in Embed Frameworks */,
			);
			name = "Embed Frameworks";
			runOnlyForDeploymentPostprocessing = 0;
		};
/* End PBXCopyFilesBuildPhase section */

/* Begin PBXFileReference section */
		580E862127A11F9000DB3A1D /* Extension.swift */ = {isa = PBXFileReference; fileEncoding = 4; lastKnownFileType = sourcecode.swift; path = Extension.swift; sourceTree = "<group>"; };
		580E862427A11FDF00DB3A1D /* logo@3x.png */ = {isa = PBXFileReference; lastKnownFileType = image.png; path = "logo@3x.png"; sourceTree = "<group>"; };
		580E862827A11FE700DB3A1D /* Roboto-Light.ttf */ = {isa = PBXFileReference; lastKnownFileType = file; path = "Roboto-Light.ttf"; sourceTree = "<group>"; };
		580E862927A11FE800DB3A1D /* Roboto-Regular.ttf */ = {isa = PBXFileReference; lastKnownFileType = file; path = "Roboto-Regular.ttf"; sourceTree = "<group>"; };
		580E862B27A11FE800DB3A1D /* Base */ = {isa = PBXFileReference; lastKnownFileType = file.storyboard; name = Base; path = Base.lproj/Main.storyboard; sourceTree = "<group>"; };
		580E862C27A11FE800DB3A1D /* Roboto-Bold.ttf */ = {isa = PBXFileReference; lastKnownFileType = file; path = "Roboto-Bold.ttf"; sourceTree = "<group>"; };
		580E863127A121CC00DB3A1D /* x@3x.png */ = {isa = PBXFileReference; lastKnownFileType = image.png; path = "x@3x.png"; sourceTree = "<group>"; };
		580E863227A121CC00DB3A1D /* Logos@3x.png */ = {isa = PBXFileReference; lastKnownFileType = image.png; path = "Logos@3x.png"; sourceTree = "<group>"; };
		580E86C127A2BD0400DB3A1D /* Validator.swift */ = {isa = PBXFileReference; lastKnownFileType = sourcecode.swift; path = Validator.swift; sourceTree = "<group>"; };
		581B2C6227A3F2650069409E /* secondVC.swift */ = {isa = PBXFileReference; lastKnownFileType = sourcecode.swift; path = secondVC.swift; sourceTree = "<group>"; };
		583271CC27B681CF0070BB09 /* Constant.swift */ = {isa = PBXFileReference; fileEncoding = 4; lastKnownFileType = sourcecode.swift; path = Constant.swift; sourceTree = "<group>"; };
		583271CD27B681CF0070BB09 /* WebRequest.swift */ = {isa = PBXFileReference; fileEncoding = 4; lastKnownFileType = sourcecode.swift; path = WebRequest.swift; sourceTree = "<group>"; };
		583271CE27B681CF0070BB09 /* ModalData.swift */ = {isa = PBXFileReference; fileEncoding = 4; lastKnownFileType = sourcecode.swift; path = ModalData.swift; sourceTree = "<group>"; };
		583271CF27B681CF0070BB09 /* API.swift */ = {isa = PBXFileReference; fileEncoding = 4; lastKnownFileType = sourcecode.swift; path = API.swift; sourceTree = "<group>"; };
		5892B8D22771EAC900E03B9F /* W3DartFramework.framework */ = {isa = PBXFileReference; explicitFileType = wrapper.framework; includeInIndex = 0; path = W3DartFramework.framework; sourceTree = BUILT_PRODUCTS_DIR; };
		5892B8D52771EAC900E03B9F /* W3DartFramework.h */ = {isa = PBXFileReference; lastKnownFileType = sourcecode.c.h; path = W3DartFramework.h; sourceTree = "<group>"; };
		5892B8D62771EAC900E03B9F /* W3DartFramework.docc */ = {isa = PBXFileReference; lastKnownFileType = folder.documentationcatalog; path = W3DartFramework.docc; sourceTree = "<group>"; };
		5892B8DE2772F28C00E03B9F /* W3DartVC.swift */ = {isa = PBXFileReference; lastKnownFileType = sourcecode.swift; path = W3DartVC.swift; sourceTree = "<group>"; };
		58A6A77427A2CC7800D51C51 /* W3DartDemo.app */ = {isa = PBXFileReference; explicitFileType = wrapper.application; includeInIndex = 0; path = W3DartDemo.app; sourceTree = BUILT_PRODUCTS_DIR; };
		58A6A77627A2CC7800D51C51 /* AppDelegate.swift */ = {isa = PBXFileReference; lastKnownFileType = sourcecode.swift; path = AppDelegate.swift; sourceTree = "<group>"; };
		58A6A77A27A2CC7800D51C51 /* ViewController.swift */ = {isa = PBXFileReference; lastKnownFileType = sourcecode.swift; path = ViewController.swift; sourceTree = "<group>"; };
		58A6A77D27A2CC7800D51C51 /* Base */ = {isa = PBXFileReference; lastKnownFileType = file.storyboard; name = Base; path = Base.lproj/Main.storyboard; sourceTree = "<group>"; };
		58A6A77F27A2CC7D00D51C51 /* Assets.xcassets */ = {isa = PBXFileReference; lastKnownFileType = folder.assetcatalog; path = Assets.xcassets; sourceTree = "<group>"; };
		58A6A78227A2CC7D00D51C51 /* Base */ = {isa = PBXFileReference; lastKnownFileType = file.storyboard; name = Base; path = Base.lproj/LaunchScreen.storyboard; sourceTree = "<group>"; };
		58A6A78427A2CC7D00D51C51 /* Info.plist */ = {isa = PBXFileReference; lastKnownFileType = text.plist.xml; path = Info.plist; sourceTree = "<group>"; };
		58A6A78E27A3AE5300D51C51 /* BubbleControl.swift */ = {isa = PBXFileReference; fileEncoding = 4; lastKnownFileType = sourcecode.swift; path = BubbleControl.swift; sourceTree = "<group>"; };
		741F0ADAD4F62F2827F0BE5E /* Pods_W3DartFramework.framework */ = {isa = PBXFileReference; explicitFileType = wrapper.framework; includeInIndex = 0; path = Pods_W3DartFramework.framework; sourceTree = BUILT_PRODUCTS_DIR; };
		8698A797F831607A180E7DCA /* Pods_W3DartDemo.framework */ = {isa = PBXFileReference; explicitFileType = wrapper.framework; includeInIndex = 0; path = Pods_W3DartDemo.framework; sourceTree = BUILT_PRODUCTS_DIR; };
		AA06FFEA661D091AEB2E1520 /* Pods-W3DartFramework.debug.xcconfig */ = {isa = PBXFileReference; includeInIndex = 1; lastKnownFileType = text.xcconfig; name = "Pods-W3DartFramework.debug.xcconfig"; path = "Target Support Files/Pods-W3DartFramework/Pods-W3DartFramework.debug.xcconfig"; sourceTree = "<group>"; };
		BEB050748FA21F00949A4526 /* Pods-W3DartDemo.release.xcconfig */ = {isa = PBXFileReference; includeInIndex = 1; lastKnownFileType = text.xcconfig; name = "Pods-W3DartDemo.release.xcconfig"; path = "Target Support Files/Pods-W3DartDemo/Pods-W3DartDemo.release.xcconfig"; sourceTree = "<group>"; };
		D49E187DC0CB336F77447B71 /* Pods-W3DartFramework.release.xcconfig */ = {isa = PBXFileReference; includeInIndex = 1; lastKnownFileType = text.xcconfig; name = "Pods-W3DartFramework.release.xcconfig"; path = "Target Support Files/Pods-W3DartFramework/Pods-W3DartFramework.release.xcconfig"; sourceTree = "<group>"; };
		E909BF1BF4878AAEFFF1F47F /* Pods-W3DartDemo.debug.xcconfig */ = {isa = PBXFileReference; includeInIndex = 1; lastKnownFileType = text.xcconfig; name = "Pods-W3DartDemo.debug.xcconfig"; path = "Target Support Files/Pods-W3DartDemo/Pods-W3DartDemo.debug.xcconfig"; sourceTree = "<group>"; };
/* End PBXFileReference section */

/* Begin PBXFrameworksBuildPhase section */
		5892B8CF2771EAC900E03B9F /* Frameworks */ = {
			isa = PBXFrameworksBuildPhase;
			buildActionMask = 2147483647;
			files = (
				708D9B455E7BA8A3F267E9A7 /* Pods_W3DartFramework.framework in Frameworks */,
			);
			runOnlyForDeploymentPostprocessing = 0;
		};
		58A6A77127A2CC7800D51C51 /* Frameworks */ = {
			isa = PBXFrameworksBuildPhase;
			buildActionMask = 2147483647;
			files = (
				58A6A78927A2CD0C00D51C51 /* W3DartFramework.framework in Frameworks */,
				5FE5630298A8B2DD20000D2B /* Pods_W3DartDemo.framework in Frameworks */,
			);
			runOnlyForDeploymentPostprocessing = 0;
		};
/* End PBXFrameworksBuildPhase section */

/* Begin PBXGroup section */
		580E862727A11FE700DB3A1D /* Fonts */ = {
			isa = PBXGroup;
			children = (
				580E862827A11FE700DB3A1D /* Roboto-Light.ttf */,
				580E862927A11FE800DB3A1D /* Roboto-Regular.ttf */,
				580E862A27A11FE800DB3A1D /* Main.storyboard */,
				580E862C27A11FE800DB3A1D /* Roboto-Bold.ttf */,
			);
			path = Fonts;
			sourceTree = "<group>";
		};
		583271CB27B681CF0070BB09 /* API Call */ = {
			isa = PBXGroup;
			children = (
				583271CC27B681CF0070BB09 /* Constant.swift */,
				583271CD27B681CF0070BB09 /* WebRequest.swift */,
				583271CE27B681CF0070BB09 /* ModalData.swift */,
				583271CF27B681CF0070BB09 /* API.swift */,
			);
			path = "API Call";
			sourceTree = "<group>";
		};
		5892B8C82771EAC900E03B9F = {
			isa = PBXGroup;
			children = (
				5892B8D42771EAC900E03B9F /* W3DartFramework */,
				58A6A77527A2CC7800D51C51 /* W3DartDemo */,
				5892B8D32771EAC900E03B9F /* Products */,
				58A6A78827A2CD0C00D51C51 /* Frameworks */,
				7F347F88B05F25E5D820E7F5 /* Pods */,
			);
			sourceTree = "<group>";
		};
		5892B8D32771EAC900E03B9F /* Products */ = {
			isa = PBXGroup;
			children = (
				5892B8D22771EAC900E03B9F /* W3DartFramework.framework */,
				58A6A77427A2CC7800D51C51 /* W3DartDemo.app */,
			);
			name = Products;
			sourceTree = "<group>";
		};
		5892B8D42771EAC900E03B9F /* W3DartFramework */ = {
			isa = PBXGroup;
			children = (
				580E862727A11FE700DB3A1D /* Fonts */,
				5892B8DE2772F28C00E03B9F /* W3DartVC.swift */,
				580E862127A11F9000DB3A1D /* Extension.swift */,
				58A6A78E27A3AE5300D51C51 /* BubbleControl.swift */,
				580E86C127A2BD0400DB3A1D /* Validator.swift */,
				583271CB27B681CF0070BB09 /* API Call */,
				580E862427A11FDF00DB3A1D /* logo@3x.png */,
				580E863127A121CC00DB3A1D /* x@3x.png */,
				580E863227A121CC00DB3A1D /* Logos@3x.png */,
				5892B8D52771EAC900E03B9F /* W3DartFramework.h */,
				5892B8D62771EAC900E03B9F /* W3DartFramework.docc */,
			);
			path = W3DartFramework;
			sourceTree = "<group>";
		};
		58A6A77527A2CC7800D51C51 /* W3DartDemo */ = {
			isa = PBXGroup;
			children = (
				58A6A77627A2CC7800D51C51 /* AppDelegate.swift */,
				58A6A77A27A2CC7800D51C51 /* ViewController.swift */,
				581B2C6227A3F2650069409E /* secondVC.swift */,
				58A6A77C27A2CC7800D51C51 /* Main.storyboard */,
				58A6A77F27A2CC7D00D51C51 /* Assets.xcassets */,
				58A6A78127A2CC7D00D51C51 /* LaunchScreen.storyboard */,
				58A6A78427A2CC7D00D51C51 /* Info.plist */,
			);
			path = W3DartDemo;
			sourceTree = "<group>";
		};
		58A6A78827A2CD0C00D51C51 /* Frameworks */ = {
			isa = PBXGroup;
			children = (
				8698A797F831607A180E7DCA /* Pods_W3DartDemo.framework */,
				741F0ADAD4F62F2827F0BE5E /* Pods_W3DartFramework.framework */,
			);
			name = Frameworks;
			sourceTree = "<group>";
		};
		7F347F88B05F25E5D820E7F5 /* Pods */ = {
			isa = PBXGroup;
			children = (
				E909BF1BF4878AAEFFF1F47F /* Pods-W3DartDemo.debug.xcconfig */,
				BEB050748FA21F00949A4526 /* Pods-W3DartDemo.release.xcconfig */,
				AA06FFEA661D091AEB2E1520 /* Pods-W3DartFramework.debug.xcconfig */,
				D49E187DC0CB336F77447B71 /* Pods-W3DartFramework.release.xcconfig */,
			);
			path = Pods;
			sourceTree = "<group>";
		};
/* End PBXGroup section */

/* Begin PBXHeadersBuildPhase section */
		5892B8CD2771EAC900E03B9F /* Headers */ = {
			isa = PBXHeadersBuildPhase;
			buildActionMask = 2147483647;
			files = (
				5892B8D82771EAC900E03B9F /* W3DartFramework.h in Headers */,
			);
			runOnlyForDeploymentPostprocessing = 0;
		};
/* End PBXHeadersBuildPhase section */

/* Begin PBXNativeTarget section */
		5892B8D12771EAC900E03B9F /* W3DartFramework */ = {
			isa = PBXNativeTarget;
			buildConfigurationList = 5892B8DB2771EAC900E03B9F /* Build configuration list for PBXNativeTarget "W3DartFramework" */;
			buildPhases = (
				576CFBC94DF08AC4EDA916BC /* [CP] Check Pods Manifest.lock */,
				5892B8CD2771EAC900E03B9F /* Headers */,
				5892B8CE2771EAC900E03B9F /* Sources */,
				5892B8CF2771EAC900E03B9F /* Frameworks */,
				5892B8D02771EAC900E03B9F /* Resources */,
			);
			buildRules = (
			);
			dependencies = (
			);
			name = W3DartFramework;
			productName = W3DartFramework;
			productReference = 5892B8D22771EAC900E03B9F /* W3DartFramework.framework */;
			productType = "com.apple.product-type.framework";
		};
		58A6A77327A2CC7800D51C51 /* W3DartDemo */ = {
			isa = PBXNativeTarget;
			buildConfigurationList = 58A6A78727A2CC7D00D51C51 /* Build configuration list for PBXNativeTarget "W3DartDemo" */;
			buildPhases = (
				5E34DB99471AB27D0533D073 /* [CP] Check Pods Manifest.lock */,
				58A6A77027A2CC7800D51C51 /* Sources */,
				58A6A77127A2CC7800D51C51 /* Frameworks */,
				58A6A77227A2CC7800D51C51 /* Resources */,
				58A6A78D27A2CD0C00D51C51 /* Embed Frameworks */,
				8FEC42AD0F590F41E61C4B8F /* [CP] Embed Pods Frameworks */,
			);
			buildRules = (
			);
			dependencies = (
				58A6A78C27A2CD0C00D51C51 /* PBXTargetDependency */,
			);
			name = W3DartDemo;
			productName = W3DartDemo;
			productReference = 58A6A77427A2CC7800D51C51 /* W3DartDemo.app */;
			productType = "com.apple.product-type.application";
		};
/* End PBXNativeTarget section */

/* Begin PBXProject section */
		5892B8C92771EAC900E03B9F /* Project object */ = {
			isa = PBXProject;
			attributes = {
				BuildIndependentTargetsInParallel = 1;
				LastSwiftUpdateCheck = 1300;
				LastUpgradeCheck = 1300;
				TargetAttributes = {
					5892B8D12771EAC900E03B9F = {
						CreatedOnToolsVersion = 13.0;
					};
					58A6A77327A2CC7800D51C51 = {
						CreatedOnToolsVersion = 13.0;
					};
				};
			};
			buildConfigurationList = 5892B8CC2771EAC900E03B9F /* Build configuration list for PBXProject "W3DartFramework" */;
			compatibilityVersion = "Xcode 13.0";
			developmentRegion = en;
			hasScannedForEncodings = 0;
			knownRegions = (
				en,
				Base,
			);
			mainGroup = 5892B8C82771EAC900E03B9F;
			productRefGroup = 5892B8D32771EAC900E03B9F /* Products */;
			projectDirPath = "";
			projectRoot = "";
			targets = (
				5892B8D12771EAC900E03B9F /* W3DartFramework */,
				58A6A77327A2CC7800D51C51 /* W3DartDemo */,
			);
		};
/* End PBXProject section */

/* Begin PBXResourcesBuildPhase section */
		5892B8D02771EAC900E03B9F /* Resources */ = {
			isa = PBXResourcesBuildPhase;
			buildActionMask = 2147483647;
			files = (
				580E862E27A11FE800DB3A1D /* Roboto-Regular.ttf in Resources */,
				580E862D27A11FE800DB3A1D /* Roboto-Light.ttf in Resources */,
				580E863027A11FE800DB3A1D /* Roboto-Bold.ttf in Resources */,
				580E862627A11FDF00DB3A1D /* logo@3x.png in Resources */,
				580E863427A121CD00DB3A1D /* Logos@3x.png in Resources */,
				580E862F27A11FE800DB3A1D /* Main.storyboard in Resources */,
				580E863327A121CD00DB3A1D /* x@3x.png in Resources */,
			);
			runOnlyForDeploymentPostprocessing = 0;
		};
		58A6A77227A2CC7800D51C51 /* Resources */ = {
			isa = PBXResourcesBuildPhase;
			buildActionMask = 2147483647;
			files = (
				58A6A78327A2CC7D00D51C51 /* LaunchScreen.storyboard in Resources */,
				58A6A78027A2CC7D00D51C51 /* Assets.xcassets in Resources */,
				58A6A77E27A2CC7800D51C51 /* Main.storyboard in Resources */,
			);
			runOnlyForDeploymentPostprocessing = 0;
		};
/* End PBXResourcesBuildPhase section */

/* Begin PBXShellScriptBuildPhase section */
		576CFBC94DF08AC4EDA916BC /* [CP] Check Pods Manifest.lock */ = {
			isa = PBXShellScriptBuildPhase;
			buildActionMask = 2147483647;
			files = (
			);
			inputFileListPaths = (
			);
			inputPaths = (
				"${PODS_PODFILE_DIR_PATH}/Podfile.lock",
				"${PODS_ROOT}/Manifest.lock",
			);
			name = "[CP] Check Pods Manifest.lock";
			outputFileListPaths = (
			);
			outputPaths = (
				"$(DERIVED_FILE_DIR)/Pods-W3DartFramework-checkManifestLockResult.txt",
			);
			runOnlyForDeploymentPostprocessing = 0;
			shellPath = /bin/sh;
			shellScript = "diff \"${PODS_PODFILE_DIR_PATH}/Podfile.lock\" \"${PODS_ROOT}/Manifest.lock\" > /dev/null\nif [ $? != 0 ] ; then\n    # print error to STDERR\n    echo \"error: The sandbox is not in sync with the Podfile.lock. Run 'pod install' or update your CocoaPods installation.\" >&2\n    exit 1\nfi\n# This output is used by Xcode 'outputs' to avoid re-running this script phase.\necho \"SUCCESS\" > \"${SCRIPT_OUTPUT_FILE_0}\"\n";
			showEnvVarsInLog = 0;
		};
		5E34DB99471AB27D0533D073 /* [CP] Check Pods Manifest.lock */ = {
			isa = PBXShellScriptBuildPhase;
			buildActionMask = 2147483647;
			files = (
			);
			inputFileListPaths = (
			);
			inputPaths = (
				"${PODS_PODFILE_DIR_PATH}/Podfile.lock",
				"${PODS_ROOT}/Manifest.lock",
			);
			name = "[CP] Check Pods Manifest.lock";
			outputFileListPaths = (
			);
			outputPaths = (
				"$(DERIVED_FILE_DIR)/Pods-W3DartDemo-checkManifestLockResult.txt",
			);
			runOnlyForDeploymentPostprocessing = 0;
			shellPath = /bin/sh;
			shellScript = "diff \"${PODS_PODFILE_DIR_PATH}/Podfile.lock\" \"${PODS_ROOT}/Manifest.lock\" > /dev/null\nif [ $? != 0 ] ; then\n    # print error to STDERR\n    echo \"error: The sandbox is not in sync with the Podfile.lock. Run 'pod install' or update your CocoaPods installation.\" >&2\n    exit 1\nfi\n# This output is used by Xcode 'outputs' to avoid re-running this script phase.\necho \"SUCCESS\" > \"${SCRIPT_OUTPUT_FILE_0}\"\n";
			showEnvVarsInLog = 0;
		};
		8FEC42AD0F590F41E61C4B8F /* [CP] Embed Pods Frameworks */ = {
			isa = PBXShellScriptBuildPhase;
			buildActionMask = 2147483647;
			files = (
			);
			inputFileListPaths = (
				"${PODS_ROOT}/Target Support Files/Pods-W3DartDemo/Pods-W3DartDemo-frameworks-${CONFIGURATION}-input-files.xcfilelist",
			);
			name = "[CP] Embed Pods Frameworks";
			outputFileListPaths = (
				"${PODS_ROOT}/Target Support Files/Pods-W3DartDemo/Pods-W3DartDemo-frameworks-${CONFIGURATION}-output-files.xcfilelist",
			);
			runOnlyForDeploymentPostprocessing = 0;
			shellPath = /bin/sh;
			shellScript = "\"${PODS_ROOT}/Target Support Files/Pods-W3DartDemo/Pods-W3DartDemo-frameworks.sh\"\n";
			showEnvVarsInLog = 0;
		};
/* End PBXShellScriptBuildPhase section */

/* Begin PBXSourcesBuildPhase section */
		5892B8CE2771EAC900E03B9F /* Sources */ = {
			isa = PBXSourcesBuildPhase;
			buildActionMask = 2147483647;
			files = (
				580E862227A11F9000DB3A1D /* Extension.swift in Sources */,
				583271D227B681CF0070BB09 /* ModalData.swift in Sources */,
				5892B8D72771EAC900E03B9F /* W3DartFramework.docc in Sources */,
				583271D127B681CF0070BB09 /* WebRequest.swift in Sources */,
				580E86C227A2BD0500DB3A1D /* Validator.swift in Sources */,
				58A6A78F27A3AE5300D51C51 /* BubbleControl.swift in Sources */,
				5892B8DF2772F28C00E03B9F /* W3DartVC.swift in Sources */,
				583271D327B681CF0070BB09 /* API.swift in Sources */,
				583271D027B681CF0070BB09 /* Constant.swift in Sources */,
			);
			runOnlyForDeploymentPostprocessing = 0;
		};
		58A6A77027A2CC7800D51C51 /* Sources */ = {
			isa = PBXSourcesBuildPhase;
			buildActionMask = 2147483647;
			files = (
				581B2C6327A3F2650069409E /* secondVC.swift in Sources */,
				58A6A77B27A2CC7800D51C51 /* ViewController.swift in Sources */,
				58A6A77727A2CC7800D51C51 /* AppDelegate.swift in Sources */,
			);
			runOnlyForDeploymentPostprocessing = 0;
		};
/* End PBXSourcesBuildPhase section */

/* Begin PBXTargetDependency section */
		58A6A78C27A2CD0C00D51C51 /* PBXTargetDependency */ = {
			isa = PBXTargetDependency;
			platformFilter = ios;
			target = 5892B8D12771EAC900E03B9F /* W3DartFramework */;
			targetProxy = 58A6A78B27A2CD0C00D51C51 /* PBXContainerItemProxy */;
		};
/* End PBXTargetDependency section */

/* Begin PBXVariantGroup section */
		580E862A27A11FE800DB3A1D /* Main.storyboard */ = {
			isa = PBXVariantGroup;
			children = (
				580E862B27A11FE800DB3A1D /* Base */,
			);
			name = Main.storyboard;
			sourceTree = "<group>";
		};
		58A6A77C27A2CC7800D51C51 /* Main.storyboard */ = {
			isa = PBXVariantGroup;
			children = (
				58A6A77D27A2CC7800D51C51 /* Base */,
			);
			name = Main.storyboard;
			sourceTree = "<group>";
		};
		58A6A78127A2CC7D00D51C51 /* LaunchScreen.storyboard */ = {
			isa = PBXVariantGroup;
			children = (
				58A6A78227A2CC7D00D51C51 /* Base */,
			);
			name = LaunchScreen.storyboard;
			sourceTree = "<group>";
		};
/* End PBXVariantGroup section */

/* Begin XCBuildConfiguration section */
		5892B8D92771EAC900E03B9F /* Debug */ = {
			isa = XCBuildConfiguration;
			buildSettings = {
				ALWAYS_SEARCH_USER_PATHS = NO;
				CLANG_ANALYZER_NONNULL = YES;
				CLANG_ANALYZER_NUMBER_OBJECT_CONVERSION = YES_AGGRESSIVE;
				CLANG_CXX_LANGUAGE_STANDARD = "gnu++17";
				CLANG_CXX_LIBRARY = "libc++";
				CLANG_ENABLE_MODULES = YES;
				CLANG_ENABLE_OBJC_ARC = YES;
				CLANG_ENABLE_OBJC_WEAK = YES;
				CLANG_WARN_BLOCK_CAPTURE_AUTORELEASING = YES;
				CLANG_WARN_BOOL_CONVERSION = YES;
				CLANG_WARN_COMMA = YES;
				CLANG_WARN_CONSTANT_CONVERSION = YES;
				CLANG_WARN_DEPRECATED_OBJC_IMPLEMENTATIONS = YES;
				CLANG_WARN_DIRECT_OBJC_ISA_USAGE = YES_ERROR;
				CLANG_WARN_DOCUMENTATION_COMMENTS = YES;
				CLANG_WARN_EMPTY_BODY = YES;
				CLANG_WARN_ENUM_CONVERSION = YES;
				CLANG_WARN_INFINITE_RECURSION = YES;
				CLANG_WARN_INT_CONVERSION = YES;
				CLANG_WARN_NON_LITERAL_NULL_CONVERSION = YES;
				CLANG_WARN_OBJC_IMPLICIT_RETAIN_SELF = YES;
				CLANG_WARN_OBJC_LITERAL_CONVERSION = YES;
				CLANG_WARN_OBJC_ROOT_CLASS = YES_ERROR;
				CLANG_WARN_QUOTED_INCLUDE_IN_FRAMEWORK_HEADER = YES;
				CLANG_WARN_RANGE_LOOP_ANALYSIS = YES;
				CLANG_WARN_STRICT_PROTOTYPES = YES;
				CLANG_WARN_SUSPICIOUS_MOVE = YES;
				CLANG_WARN_UNGUARDED_AVAILABILITY = YES_AGGRESSIVE;
				CLANG_WARN_UNREACHABLE_CODE = YES;
				CLANG_WARN__DUPLICATE_METHOD_MATCH = YES;
				COPY_PHASE_STRIP = NO;
				CURRENT_PROJECT_VERSION = 1;
				DEBUG_INFORMATION_FORMAT = dwarf;
				ENABLE_STRICT_OBJC_MSGSEND = YES;
				ENABLE_TESTABILITY = YES;
				GCC_C_LANGUAGE_STANDARD = gnu11;
				GCC_DYNAMIC_NO_PIC = NO;
				GCC_NO_COMMON_BLOCKS = YES;
				GCC_OPTIMIZATION_LEVEL = 0;
				GCC_PREPROCESSOR_DEFINITIONS = (
					"DEBUG=1",
					"$(inherited)",
				);
				GCC_WARN_64_TO_32_BIT_CONVERSION = YES;
				GCC_WARN_ABOUT_RETURN_TYPE = YES_ERROR;
				GCC_WARN_UNDECLARED_SELECTOR = YES;
				GCC_WARN_UNINITIALIZED_AUTOS = YES_AGGRESSIVE;
				GCC_WARN_UNUSED_FUNCTION = YES;
				GCC_WARN_UNUSED_VARIABLE = YES;
				IPHONEOS_DEPLOYMENT_TARGET = 15.0;
				MTL_ENABLE_DEBUG_INFO = INCLUDE_SOURCE;
				MTL_FAST_MATH = YES;
				ONLY_ACTIVE_ARCH = YES;
				SDKROOT = iphoneos;
				SWIFT_ACTIVE_COMPILATION_CONDITIONS = DEBUG;
				SWIFT_OPTIMIZATION_LEVEL = "-Onone";
				VERSIONING_SYSTEM = "apple-generic";
				VERSION_INFO_PREFIX = "";
			};
			name = Debug;
		};
		5892B8DA2771EAC900E03B9F /* Release */ = {
			isa = XCBuildConfiguration;
			buildSettings = {
				ALWAYS_SEARCH_USER_PATHS = NO;
				CLANG_ANALYZER_NONNULL = YES;
				CLANG_ANALYZER_NUMBER_OBJECT_CONVERSION = YES_AGGRESSIVE;
				CLANG_CXX_LANGUAGE_STANDARD = "gnu++17";
				CLANG_CXX_LIBRARY = "libc++";
				CLANG_ENABLE_MODULES = YES;
				CLANG_ENABLE_OBJC_ARC = YES;
				CLANG_ENABLE_OBJC_WEAK = YES;
				CLANG_WARN_BLOCK_CAPTURE_AUTORELEASING = YES;
				CLANG_WARN_BOOL_CONVERSION = YES;
				CLANG_WARN_COMMA = YES;
				CLANG_WARN_CONSTANT_CONVERSION = YES;
				CLANG_WARN_DEPRECATED_OBJC_IMPLEMENTATIONS = YES;
				CLANG_WARN_DIRECT_OBJC_ISA_USAGE = YES_ERROR;
				CLANG_WARN_DOCUMENTATION_COMMENTS = YES;
				CLANG_WARN_EMPTY_BODY = YES;
				CLANG_WARN_ENUM_CONVERSION = YES;
				CLANG_WARN_INFINITE_RECURSION = YES;
				CLANG_WARN_INT_CONVERSION = YES;
				CLANG_WARN_NON_LITERAL_NULL_CONVERSION = YES;
				CLANG_WARN_OBJC_IMPLICIT_RETAIN_SELF = YES;
				CLANG_WARN_OBJC_LITERAL_CONVERSION = YES;
				CLANG_WARN_OBJC_ROOT_CLASS = YES_ERROR;
				CLANG_WARN_QUOTED_INCLUDE_IN_FRAMEWORK_HEADER = YES;
				CLANG_WARN_RANGE_LOOP_ANALYSIS = YES;
				CLANG_WARN_STRICT_PROTOTYPES = YES;
				CLANG_WARN_SUSPICIOUS_MOVE = YES;
				CLANG_WARN_UNGUARDED_AVAILABILITY = YES_AGGRESSIVE;
				CLANG_WARN_UNREACHABLE_CODE = YES;
				CLANG_WARN__DUPLICATE_METHOD_MATCH = YES;
				COPY_PHASE_STRIP = NO;
				CURRENT_PROJECT_VERSION = 1;
				DEBUG_INFORMATION_FORMAT = "dwarf-with-dsym";
				ENABLE_NS_ASSERTIONS = NO;
				ENABLE_STRICT_OBJC_MSGSEND = YES;
				GCC_C_LANGUAGE_STANDARD = gnu11;
				GCC_NO_COMMON_BLOCKS = YES;
				GCC_WARN_64_TO_32_BIT_CONVERSION = YES;
				GCC_WARN_ABOUT_RETURN_TYPE = YES_ERROR;
				GCC_WARN_UNDECLARED_SELECTOR = YES;
				GCC_WARN_UNINITIALIZED_AUTOS = YES_AGGRESSIVE;
				GCC_WARN_UNUSED_FUNCTION = YES;
				GCC_WARN_UNUSED_VARIABLE = YES;
				IPHONEOS_DEPLOYMENT_TARGET = 15.0;
				MTL_ENABLE_DEBUG_INFO = NO;
				MTL_FAST_MATH = YES;
				SDKROOT = iphoneos;
				SWIFT_COMPILATION_MODE = wholemodule;
				SWIFT_OPTIMIZATION_LEVEL = "-O";
				VALIDATE_PRODUCT = YES;
				VERSIONING_SYSTEM = "apple-generic";
				VERSION_INFO_PREFIX = "";
			};
			name = Release;
		};
		5892B8DC2771EAC900E03B9F /* Debug */ = {
			isa = XCBuildConfiguration;
			baseConfigurationReference = AA06FFEA661D091AEB2E1520 /* Pods-W3DartFramework.debug.xcconfig */;
			buildSettings = {
				BUILD_LIBRARY_FOR_DISTRIBUTION = YES;
				CODE_SIGN_STYLE = Automatic;
				CURRENT_PROJECT_VERSION = 1;
				DEFINES_MODULE = YES;
				DYLIB_COMPATIBILITY_VERSION = 1;
				DYLIB_CURRENT_VERSION = 1;
				DYLIB_INSTALL_NAME_BASE = "@rpath";
				GENERATE_INFOPLIST_FILE = YES;
				INFOPLIST_KEY_NSHumanReadableCopyright = "";
				INSTALL_PATH = "$(LOCAL_LIBRARY_DIR)/Frameworks";
				IPHONEOS_DEPLOYMENT_TARGET = 13.0;
				LD_RUNPATH_SEARCH_PATHS = (
					"$(inherited)",
					"@executable_path/Frameworks",
					"@loader_path/Frameworks",
				);
				MARKETING_VERSION = 1.0;
				PRODUCT_BUNDLE_IDENTIFIER = in.nuverse.fitness.W3DartFramework;
				PRODUCT_NAME = "$(TARGET_NAME:c99extidentifier)";
				SKIP_INSTALL = YES;
				SUPPORTS_MACCATALYST = NO;
				SWIFT_EMIT_LOC_STRINGS = YES;
				SWIFT_VERSION = 5.0;
				TARGETED_DEVICE_FAMILY = 1;
			};
			name = Debug;
		};
		5892B8DD2771EAC900E03B9F /* Release */ = {
			isa = XCBuildConfiguration;
			baseConfigurationReference = D49E187DC0CB336F77447B71 /* Pods-W3DartFramework.release.xcconfig */;
			buildSettings = {
				BUILD_LIBRARY_FOR_DISTRIBUTION = YES;
				CODE_SIGN_STYLE = Automatic;
				CURRENT_PROJECT_VERSION = 1;
				DEFINES_MODULE = YES;
				DYLIB_COMPATIBILITY_VERSION = 1;
				DYLIB_CURRENT_VERSION = 1;
				DYLIB_INSTALL_NAME_BASE = "@rpath";
				GENERATE_INFOPLIST_FILE = YES;
				INFOPLIST_KEY_NSHumanReadableCopyright = "";
				INSTALL_PATH = "$(LOCAL_LIBRARY_DIR)/Frameworks";
				IPHONEOS_DEPLOYMENT_TARGET = 13.0;
				LD_RUNPATH_SEARCH_PATHS = (
					"$(inherited)",
					"@executable_path/Frameworks",
					"@loader_path/Frameworks",
				);
				MARKETING_VERSION = 1.0;
				PRODUCT_BUNDLE_IDENTIFIER = in.nuverse.fitness.W3DartFramework;
				PRODUCT_NAME = "$(TARGET_NAME:c99extidentifier)";
				SKIP_INSTALL = YES;
				SUPPORTS_MACCATALYST = NO;
				SWIFT_EMIT_LOC_STRINGS = YES;
				SWIFT_VERSION = 5.0;
				TARGETED_DEVICE_FAMILY = 1;
			};
			name = Release;
		};
		58A6A78527A2CC7D00D51C51 /* Debug */ = {
			isa = XCBuildConfiguration;
			baseConfigurationReference = E909BF1BF4878AAEFFF1F47F /* Pods-W3DartDemo.debug.xcconfig */;
			buildSettings = {
				ASSETCATALOG_COMPILER_APPICON_NAME = AppIcon;
				ASSETCATALOG_COMPILER_GLOBAL_ACCENT_COLOR_NAME = AccentColor;
				CODE_SIGN_STYLE = Automatic;
				CURRENT_PROJECT_VERSION = 1;
				DEVELOPMENT_TEAM = VWU9HA2QW9;
				GENERATE_INFOPLIST_FILE = YES;
				INFOPLIST_FILE = W3DartDemo/Info.plist;
				INFOPLIST_KEY_UIApplicationSupportsIndirectInputEvents = YES;
				INFOPLIST_KEY_UILaunchStoryboardName = LaunchScreen;
				INFOPLIST_KEY_UIMainStoryboardFile = Main;
				INFOPLIST_KEY_UISupportedInterfaceOrientations_iPad = "UIInterfaceOrientationPortrait UIInterfaceOrientationPortraitUpsideDown UIInterfaceOrientationLandscapeLeft UIInterfaceOrientationLandscapeRight";
				INFOPLIST_KEY_UISupportedInterfaceOrientations_iPhone = "UIInterfaceOrientationPortrait UIInterfaceOrientationLandscapeLeft UIInterfaceOrientationLandscapeRight";
				IPHONEOS_DEPLOYMENT_TARGET = 13.0;
				LD_RUNPATH_SEARCH_PATHS = (
					"$(inherited)",
					"@executable_path/Frameworks",
				);
				MARKETING_VERSION = 1.0;
				PRODUCT_BUNDLE_IDENTIFIER = sunny.com.W3DartDemo;
				PRODUCT_NAME = "$(TARGET_NAME)";
				SWIFT_EMIT_LOC_STRINGS = YES;
				SWIFT_VERSION = 5.0;
				TARGETED_DEVICE_FAMILY = "1,2";
			};
			name = Debug;
		};
		58A6A78627A2CC7D00D51C51 /* Release */ = {
			isa = XCBuildConfiguration;
			baseConfigurationReference = BEB050748FA21F00949A4526 /* Pods-W3DartDemo.release.xcconfig */;
			buildSettings = {
				ASSETCATALOG_COMPILER_APPICON_NAME = AppIcon;
				ASSETCATALOG_COMPILER_GLOBAL_ACCENT_COLOR_NAME = AccentColor;
				CODE_SIGN_STYLE = Automatic;
				CURRENT_PROJECT_VERSION = 1;
				DEVELOPMENT_TEAM = VWU9HA2QW9;
				GENERATE_INFOPLIST_FILE = YES;
				INFOPLIST_FILE = W3DartDemo/Info.plist;
				INFOPLIST_KEY_UIApplicationSupportsIndirectInputEvents = YES;
				INFOPLIST_KEY_UILaunchStoryboardName = LaunchScreen;
				INFOPLIST_KEY_UIMainStoryboardFile = Main;
				INFOPLIST_KEY_UISupportedInterfaceOrientations_iPad = "UIInterfaceOrientationPortrait UIInterfaceOrientationPortraitUpsideDown UIInterfaceOrientationLandscapeLeft UIInterfaceOrientationLandscapeRight";
				INFOPLIST_KEY_UISupportedInterfaceOrientations_iPhone = "UIInterfaceOrientationPortrait UIInterfaceOrientationLandscapeLeft UIInterfaceOrientationLandscapeRight";
				IPHONEOS_DEPLOYMENT_TARGET = 13.0;
				LD_RUNPATH_SEARCH_PATHS = (
					"$(inherited)",
					"@executable_path/Frameworks",
				);
				MARKETING_VERSION = 1.0;
				PRODUCT_BUNDLE_IDENTIFIER = sunny.com.W3DartDemo;
				PRODUCT_NAME = "$(TARGET_NAME)";
				SWIFT_EMIT_LOC_STRINGS = YES;
				SWIFT_VERSION = 5.0;
				TARGETED_DEVICE_FAMILY = "1,2";
			};
			name = Release;
		};
/* End XCBuildConfiguration section */

/* Begin XCConfigurationList section */
		5892B8CC2771EAC900E03B9F /* Build configuration list for PBXProject "W3DartFramework" */ = {
			isa = XCConfigurationList;
			buildConfigurations = (
				5892B8D92771EAC900E03B9F /* Debug */,
				5892B8DA2771EAC900E03B9F /* Release */,
			);
			defaultConfigurationIsVisible = 0;
			defaultConfigurationName = Release;
		};
		5892B8DB2771EAC900E03B9F /* Build configuration list for PBXNativeTarget "W3DartFramework" */ = {
			isa = XCConfigurationList;
			buildConfigurations = (
				5892B8DC2771EAC900E03B9F /* Debug */,
				5892B8DD2771EAC900E03B9F /* Release */,
			);
			defaultConfigurationIsVisible = 0;
			defaultConfigurationName = Release;
		};
		58A6A78727A2CC7D00D51C51 /* Build configuration list for PBXNativeTarget "W3DartDemo" */ = {
			isa = XCConfigurationList;
			buildConfigurations = (
				58A6A78527A2CC7D00D51C51 /* Debug */,
				58A6A78627A2CC7D00D51C51 /* Release */,
			);
			defaultConfigurationIsVisible = 0;
			defaultConfigurationName = Release;
		};
/* End XCConfigurationList section */
	};
	rootObject = 5892B8C92771EAC900E03B9F /* Project object */;
}
